Microsoft Visual Studio Solution File, Format Version 12.00
# Visual Studio Version 17
VisualStudioVersion = 17.5.2.0
MinimumVisualStudioVersion = 10.0.40219.1
Project("{FAE04EC0-301F-11D3-BF4B-00C04F79EFBC}") = "blazor-tutorial", "blazor-tutorial.csproj", "{1C3DA649-81CC-C097-0488-DBCE94105A2E}"
EndProject
Global
	GlobalSection(SolutionConfigurationPlatforms) = preSolution
		Debug|Any CPU = Debug|Any CPU
		Release|Any CPU = Release|Any CPU
	EndGlobalSection
	GlobalSection(ProjectConfigurationPlatforms) = postSolution
		{1C3DA649-81CC-C097-0488-DBCE94105A2E}.Debug|Any CPU.ActiveCfg = Debug|Any CPU
		{1C3DA649-81CC-C097-0488-DBCE94105A2E}.Debug|Any CPU.Build.0 = Debug|Any CPU
		{1C3DA649-81CC-C097-0488-DBCE94105A2E}.Release|Any CPU.ActiveCfg = Release|Any CPU
		{1C3DA649-81CC-C097-0488-DBCE94105A2E}.Release|Any CPU.Build.0 = Release|Any CPU
	EndGlobalSection
	GlobalSection(SolutionProperties) = preSolution
		HideSolutionNode = FALSE
	EndGlobalSection
	GlobalSection(ExtensibilityGlobals) = postSolution
		SolutionGuid = {75392364-DCC9-4F4E-822D-F86F664DD099}
	EndGlobalSection
EndGlobal
